
Microsoft Visual Studio Solution File, Format Version 12.00
# Visual Studio Version 17
VisualStudioVersion = 17.3.32929.385
MinimumVisualStudioVersion = 10.0.40219.1
Project("{9A19103F-16F7-4668-BE54-9A1E7A4F7556}") = "Pokedex", "src\Pokedex\Pokedex.csproj", "{07DCC3D3-041C-4050-8AC2-7C78A38B2840}"
EndProject
Project("{2150E333-8FDC-42A3-9474-1A3956D46DE8}") = "Tests", "Tests", "{29B61295-4C07-4827-94B0-31D7E81F897A}"
EndProject
Project("{FAE04EC0-301F-11D3-BF4B-00C04F79EFBC}") = "Pokedex.IntegrationTests", "tests\Pokedex.IntegrationTests\Pokedex.IntegrationTests.csproj", "{36F09AE6-B483-4008-9C41-DC7607CAE6C9}"
EndProject
Project("{FAE04EC0-301F-11D3-BF4B-00C04F79EFBC}") = "Pokedex.Data", "src\Pokedex.Data\Pokedex.Data.csproj", "{5174C76E-FD50-45D2-AAA0-80E310BDA571}"
EndProject
Project("{FAE04EC0-301F-11D3-BF4B-00C04F79EFBC}") = "Pokedex.Common", "src\Pokedex.Common\Pokedex.Common.csproj", "{F7262CA6-5305-4275-9FB7-F80698909A2C}"
EndProject
Global
	GlobalSection(SolutionConfigurationPlatforms) = preSolution
		Debug|Any CPU = Debug|Any CPU
		Release|Any CPU = Release|Any CPU
	EndGlobalSection
	GlobalSection(ProjectConfigurationPlatforms) = postSolution
		{07DCC3D3-041C-4050-8AC2-7C78A38B2840}.Debug|Any CPU.ActiveCfg = Debug|Any CPU
		{07DCC3D3-041C-4050-8AC2-7C78A38B2840}.Debug|Any CPU.Build.0 = Debug|Any CPU
		{07DCC3D3-041C-4050-8AC2-7C78A38B2840}.Release|Any CPU.ActiveCfg = Release|Any CPU
		{07DCC3D3-041C-4050-8AC2-7C78A38B2840}.Release|Any CPU.Build.0 = Release|Any CPU
		{36F09AE6-B483-4008-9C41-DC7607CAE6C9}.Debug|Any CPU.ActiveCfg = Debug|Any CPU
		{36F09AE6-B483-4008-9C41-DC7607CAE6C9}.Debug|Any CPU.Build.0 = Debug|Any CPU
		{36F09AE6-B483-4008-9C41-DC7607CAE6C9}.Release|Any CPU.ActiveCfg = Release|Any CPU
		{36F09AE6-B483-4008-9C41-DC7607CAE6C9}.Release|Any CPU.Build.0 = Release|Any CPU
		{5174C76E-FD50-45D2-AAA0-80E310BDA571}.Debug|Any CPU.ActiveCfg = Debug|Any CPU
		{5174C76E-FD50-45D2-AAA0-80E310BDA571}.Debug|Any CPU.Build.0 = Debug|Any CPU
		{5174C76E-FD50-45D2-AAA0-80E310BDA571}.Release|Any CPU.ActiveCfg = Release|Any CPU
		{5174C76E-FD50-45D2-AAA0-80E310BDA571}.Release|Any CPU.Build.0 = Release|Any CPU
		{F7262CA6-5305-4275-9FB7-F80698909A2C}.Debug|Any CPU.ActiveCfg = Debug|Any CPU
		{F7262CA6-5305-4275-9FB7-F80698909A2C}.Debug|Any CPU.Build.0 = Debug|Any CPU
		{F7262CA6-5305-4275-9FB7-F80698909A2C}.Release|Any CPU.ActiveCfg = Release|Any CPU
		{F7262CA6-5305-4275-9FB7-F80698909A2C}.Release|Any CPU.Build.0 = Release|Any CPU
	EndGlobalSection
	GlobalSection(SolutionProperties) = preSolution
		HideSolutionNode = FALSE
	EndGlobalSection
	GlobalSection(NestedProjects) = preSolution
		{36F09AE6-B483-4008-9C41-DC7607CAE6C9} = {29B61295-4C07-4827-94B0-31D7E81F897A}
	EndGlobalSection
	GlobalSection(ExtensibilityGlobals) = postSolution
		SolutionGuid = {8527B38C-8471-430A-845F-F4BA2C9C1F70}
	EndGlobalSection
EndGlobal
